
Microsoft Visual Studio Solution File, Format Version 12.00
# Visual Studio Version 17
VisualStudioVersion = 17.7.34031.279
MinimumVisualStudioVersion = 10.0.40219.1
Project("{FAE04EC0-301F-11D3-BF4B-00C04F79EFBC}") = "TacoMusings.API", "TacoMusings.API\TacoMusings.API.csproj", "{463179D3-AC52-4C86-A311-1F1B50217B32}"
EndProject
Global
	GlobalSection(SolutionConfigurationPlatforms) = preSolution
		Debug|Any CPU = Debug|Any CPU
		Release|Any CPU = Release|Any CPU
	EndGlobalSection
	GlobalSection(ProjectConfigurationPlatforms) = postSolution
		{463179D3-AC52-4C86-A311-1F1B50217B32}.Debug|Any CPU.ActiveCfg = Debug|Any CPU
		{463179D3-AC52-4C86-A311-1F1B50217B32}.Debug|Any CPU.Build.0 = Debug|Any CPU
		{463179D3-AC52-4C86-A311-1F1B50217B32}.Release|Any CPU.ActiveCfg = Release|Any CPU
		{463179D3-AC52-4C86-A311-1F1B50217B32}.Release|Any CPU.Build.0 = Release|Any CPU
	EndGlobalSection
	GlobalSection(SolutionProperties) = preSolution
		HideSolutionNode = FALSE
	EndGlobalSection
	GlobalSection(ExtensibilityGlobals) = postSolution
		SolutionGuid = {495E439B-7AD3-4299-B0B0-633FF3E828C5}
	EndGlobalSection
EndGlobal
